
Microsoft Visual Studio Solution File, Format Version 12.00
# Visual Studio 15
VisualStudioVersion = 15.0.27703.2042
MinimumVisualStudioVersion = 10.0.40219.1
Project("{9A19103F-16F7-4668-BE54-9A1E7A4F7556}") = "Employees.App", "Employees.App\Employees.App.csproj", "{32656219-2FC5-4852-876B-5B501A767F64}"
EndProject
Project("{9A19103F-16F7-4668-BE54-9A1E7A4F7556}") = "Employees.Data", "Employees.Data\Employees.Data.csproj", "{59900237-DDCE-4439-892C-FACE4384E96D}"
EndProject
Project("{9A19103F-16F7-4668-BE54-9A1E7A4F7556}") = "Employees.Models", "Employees.Models\Employees.Models.csproj", "{23C354AD-BE00-4CFB-A286-4C32309712CD}"
EndProject
Project("{9A19103F-16F7-4668-BE54-9A1E7A4F7556}") = "Employees.Services", "Employees.Services\Employees.Services.csproj", "{70D6EBED-7BC7-4F7C-8113-D05453E4A301}"
EndProject
Global
	GlobalSection(SolutionConfigurationPlatforms) = preSolution
		Debug|Any CPU = Debug|Any CPU
		Release|Any CPU = Release|Any CPU
	EndGlobalSection
	GlobalSection(ProjectConfigurationPlatforms) = postSolution
		{32656219-2FC5-4852-876B-5B501A767F64}.Debug|Any CPU.ActiveCfg = Debug|Any CPU
		{32656219-2FC5-4852-876B-5B501A767F64}.Debug|Any CPU.Build.0 = Debug|Any CPU
		{32656219-2FC5-4852-876B-5B501A767F64}.Release|Any CPU.ActiveCfg = Release|Any CPU
		{32656219-2FC5-4852-876B-5B501A767F64}.Release|Any CPU.Build.0 = Release|Any CPU
		{59900237-DDCE-4439-892C-FACE4384E96D}.Debug|Any CPU.ActiveCfg = Debug|Any CPU
		{59900237-DDCE-4439-892C-FACE4384E96D}.Debug|Any CPU.Build.0 = Debug|Any CPU
		{59900237-DDCE-4439-892C-FACE4384E96D}.Release|Any CPU.ActiveCfg = Release|Any CPU
		{59900237-DDCE-4439-892C-FACE4384E96D}.Release|Any CPU.Build.0 = Release|Any CPU
		{23C354AD-BE00-4CFB-A286-4C32309712CD}.Debug|Any CPU.ActiveCfg = Debug|Any CPU
		{23C354AD-BE00-4CFB-A286-4C32309712CD}.Debug|Any CPU.Build.0 = Debug|Any CPU
		{23C354AD-BE00-4CFB-A286-4C32309712CD}.Release|Any CPU.ActiveCfg = Release|Any CPU
		{23C354AD-BE00-4CFB-A286-4C32309712CD}.Release|Any CPU.Build.0 = Release|Any CPU
		{70D6EBED-7BC7-4F7C-8113-D05453E4A301}.Debug|Any CPU.ActiveCfg = Debug|Any CPU
		{70D6EBED-7BC7-4F7C-8113-D05453E4A301}.Debug|Any CPU.Build.0 = Debug|Any CPU
		{70D6EBED-7BC7-4F7C-8113-D05453E4A301}.Release|Any CPU.ActiveCfg = Release|Any CPU
		{70D6EBED-7BC7-4F7C-8113-D05453E4A301}.Release|Any CPU.Build.0 = Release|Any CPU
	EndGlobalSection
	GlobalSection(SolutionProperties) = preSolution
		HideSolutionNode = FALSE
	EndGlobalSection
	GlobalSection(ExtensibilityGlobals) = postSolution
		SolutionGuid = {0C7142F5-1BF7-431C-8169-098B7E4E9188}
	EndGlobalSection
EndGlobal
